
Microsoft Visual Studio Solution File, Format Version 12.00
# Visual Studio Version 17
VisualStudioVersion = 17.8.34511.84
MinimumVisualStudioVersion = 10.0.40219.1
Project("{FAE04EC0-301F-11D3-BF4B-00C04F79EFBC}") = "ES_U4_WEEK1_DAY3_ARRAY", "ES_U4_WEEK1_DAY3_ARRAY\ES_U4_WEEK1_DAY3_ARRAY.csproj", "{144E167E-7C55-4E75-B396-537BBB76380B}"
EndProject
Global
	GlobalSection(SolutionConfigurationPlatforms) = preSolution
		Debug|Any CPU = Debug|Any CPU
		Release|Any CPU = Release|Any CPU
	EndGlobalSection
	GlobalSection(ProjectConfigurationPlatforms) = postSolution
		{144E167E-7C55-4E75-B396-537BBB76380B}.Debug|Any CPU.ActiveCfg = Debug|Any CPU
		{144E167E-7C55-4E75-B396-537BBB76380B}.Debug|Any CPU.Build.0 = Debug|Any CPU
		{144E167E-7C55-4E75-B396-537BBB76380B}.Release|Any CPU.ActiveCfg = Release|Any CPU
		{144E167E-7C55-4E75-B396-537BBB76380B}.Release|Any CPU.Build.0 = Release|Any CPU
	EndGlobalSection
	GlobalSection(SolutionProperties) = preSolution
		HideSolutionNode = FALSE
	EndGlobalSection
	GlobalSection(ExtensibilityGlobals) = postSolution
		SolutionGuid = {67AA6201-C165-472E-8457-66315202BBEE}
	EndGlobalSection
EndGlobal
